// !$*UTF8*$!
{
	archiveVersion = 1;
	classes = {
	};
	objectVersion = 46;
	objects = {

/* Begin PBXBuildFile section */
		271215D71CDCF44500C2D87A /* Icon-29.png in Resources */ = {isa = PBXBuildFile; fileRef = 271215CD1CDCF44500C2D87A /* Icon-29.png */; };
		271215D81CDCF44500C2D87A /* Icon-40.png in Resources */ = {isa = PBXBuildFile; fileRef = 271215CE1CDCF44500C2D87A /* Icon-40.png */; };
		271215D91CDCF44500C2D87A /* Icon-58.png in Resources */ = {isa = PBXBuildFile; fileRef = 271215CF1CDCF44500C2D87A /* Icon-58.png */; };
		271215DA1CDCF44500C2D87A /* Icon-76.png in Resources */ = {isa = PBXBuildFile; fileRef = 271215D01CDCF44500C2D87A /* Icon-76.png */; };
		271215DB1CDCF44500C2D87A /* Icon-80.png in Resources */ = {isa = PBXBuildFile; fileRef = 271215D11CDCF44500C2D87A /* Icon-80.png */; };
		271215DC1CDCF44500C2D87A /* Icon-87.png in Resources */ = {isa = PBXBuildFile; fileRef = 271215D21CDCF44500C2D87A /* Icon-87.png */; };
		271215DD1CDCF44500C2D87A /* Icon-120.png in Resources */ = {isa = PBXBuildFile; fileRef = 271215D31CDCF44500C2D87A /* Icon-120.png */; };
		271215DE1CDCF44500C2D87A /* Icon-152.png in Resources */ = {isa = PBXBuildFile; fileRef = 271215D41CDCF44500C2D87A /* Icon-152.png */; };
		271215DF1CDCF44500C2D87A /* Icon-167.png in Resources */ = {isa = PBXBuildFile; fileRef = 271215D51CDCF44500C2D87A /* Icon-167.png */; };
		271215E01CDCF44500C2D87A /* Icon-180.png in Resources */ = {isa = PBXBuildFile; fileRef = 271215D61CDCF44500C2D87A /* Icon-180.png */; };
		276766171D1450A500026A78 /* LocationHandler.swift in Sources */ = {isa = PBXBuildFile; fileRef = 276766161D1450A500026A78 /* LocationHandler.swift */; };
		27687F891D06FE9B00630DB5 /* SwiftSSL.framework in Frameworks */ = {isa = PBXBuildFile; fileRef = 27876BA21CFF6DA5009A6045 /* SwiftSSL.framework */; };
		27687F8A1D06FE9B00630DB5 /* SwiftSSL.framework in Embed Frameworks */ = {isa = PBXBuildFile; fileRef = 27876BA21CFF6DA5009A6045 /* SwiftSSL.framework */; settings = {ATTRIBUTES = (CodeSignOnCopy, RemoveHeadersOnCopy, ); }; };
		2771B3DB1CD250E2001F1A46 /* AppDelegate.swift in Sources */ = {isa = PBXBuildFile; fileRef = 2771B3DA1CD250E2001F1A46 /* AppDelegate.swift */; };
		2771B3DD1CD250E2001F1A46 /* FirstViewController.swift in Sources */ = {isa = PBXBuildFile; fileRef = 2771B3DC1CD250E2001F1A46 /* FirstViewController.swift */; };
		2771B3DF1CD250E2001F1A46 /* SecondViewController.swift in Sources */ = {isa = PBXBuildFile; fileRef = 2771B3DE1CD250E2001F1A46 /* SecondViewController.swift */; };
		2771B3E21CD250E2001F1A46 /* Main.storyboard in Resources */ = {isa = PBXBuildFile; fileRef = 2771B3E01CD250E2001F1A46 /* Main.storyboard */; };
		2771B3E41CD250E2001F1A46 /* Assets.xcassets in Resources */ = {isa = PBXBuildFile; fileRef = 2771B3E31CD250E2001F1A46 /* Assets.xcassets */; };
		2771B3E71CD250E2001F1A46 /* LaunchScreen.storyboard in Resources */ = {isa = PBXBuildFile; fileRef = 2771B3E51CD250E2001F1A46 /* LaunchScreen.storyboard */; };
		2771B3F21CD250E2001F1A46 /* SmellPittsburgh_PrototypeTests.swift in Sources */ = {isa = PBXBuildFile; fileRef = 2771B3F11CD250E2001F1A46 /* SmellPittsburgh_PrototypeTests.swift */; };
		2771B3FD1CD250E2001F1A46 /* SmellPittsburgh_PrototypeUITests.swift in Sources */ = {isa = PBXBuildFile; fileRef = 2771B3FC1CD250E2001F1A46 /* SmellPittsburgh_PrototypeUITests.swift */; };
		2771B40F1CD2BEDB001F1A46 /* Location.swift in Sources */ = {isa = PBXBuildFile; fileRef = 2771B40E1CD2BEDB001F1A46 /* Location.swift */; };
		2771B4111CD2BF8D001F1A46 /* GlobalHandler.swift in Sources */ = {isa = PBXBuildFile; fileRef = 2771B4101CD2BF8D001F1A46 /* GlobalHandler.swift */; };
		2771B4161CD2D87B001F1A46 /* CoreLocation.framework in Frameworks */ = {isa = PBXBuildFile; fileRef = 2771B4151CD2D87B001F1A46 /* CoreLocation.framework */; };
		2771B4181CD2DDAD001F1A46 /* HttpRequestHandler.swift in Sources */ = {isa = PBXBuildFile; fileRef = 2771B4171CD2DDAD001F1A46 /* HttpRequestHandler.swift */; };
		2771B41A1CD2DEB3001F1A46 /* HttpHelper.swift in Sources */ = {isa = PBXBuildFile; fileRef = 2771B4191CD2DEB3001F1A46 /* HttpHelper.swift */; };
		2771B41C1CD2DECF001F1A46 /* Constants.swift in Sources */ = {isa = PBXBuildFile; fileRef = 2771B41B1CD2DECF001F1A46 /* Constants.swift */; };
		27F6CF661CFF53900027981C /* SettingsHandler.swift in Sources */ = {isa = PBXBuildFile; fileRef = 27F6CF651CFF53900027981C /* SettingsHandler.swift */; };
/* End PBXBuildFile section */

/* Begin PBXContainerItemProxy section */
		27687F8B1D06FE9B00630DB5 /* PBXContainerItemProxy */ = {
			isa = PBXContainerItemProxy;
			containerPortal = 27876B9C1CFF6DA5009A6045 /* SwiftSSL.xcodeproj */;
			proxyType = 1;
			remoteGlobalIDString = 766211CD19E20AF900337784;
			remoteInfo = SwiftSSL;
		};
		2771B3EE1CD250E2001F1A46 /* PBXContainerItemProxy */ = {
			isa = PBXContainerItemProxy;
			containerPortal = 2771B3CF1CD250E2001F1A46 /* Project object */;
			proxyType = 1;
			remoteGlobalIDString = 2771B3D61CD250E2001F1A46;
			remoteInfo = "SmellPittsburgh Prototype";
		};
		2771B3F91CD250E2001F1A46 /* PBXContainerItemProxy */ = {
			isa = PBXContainerItemProxy;
			containerPortal = 2771B3CF1CD250E2001F1A46 /* Project object */;
			proxyType = 1;
			remoteGlobalIDString = 2771B3D61CD250E2001F1A46;
			remoteInfo = "SmellPittsburgh Prototype";
		};
		27876BA11CFF6DA5009A6045 /* PBXContainerItemProxy */ = {
			isa = PBXContainerItemProxy;
			containerPortal = 27876B9C1CFF6DA5009A6045 /* SwiftSSL.xcodeproj */;
			proxyType = 2;
			remoteGlobalIDString = 766211CE19E20AF900337784;
			remoteInfo = SwiftSSL;
		};
		27876BA31CFF6DA5009A6045 /* PBXContainerItemProxy */ = {
			isa = PBXContainerItemProxy;
			containerPortal = 27876B9C1CFF6DA5009A6045 /* SwiftSSL.xcodeproj */;
			proxyType = 2;
			remoteGlobalIDString = 766211D919E20AFA00337784;
			remoteInfo = SwiftSSLTests;
		};
/* End PBXContainerItemProxy section */

/* Begin PBXCopyFilesBuildPhase section */
		27687F8D1D06FE9B00630DB5 /* Embed Frameworks */ = {
			isa = PBXCopyFilesBuildPhase;
			buildActionMask = 2147483647;
			dstPath = "";
			dstSubfolderSpec = 10;
			files = (
				27687F8A1D06FE9B00630DB5 /* SwiftSSL.framework in Embed Frameworks */,
			);
			name = "Embed Frameworks";
			runOnlyForDeploymentPostprocessing = 0;
		};
/* End PBXCopyFilesBuildPhase section */

/* Begin PBXFileReference section */
		271215CD1CDCF44500C2D87A /* Icon-29.png */ = {isa = PBXFileReference; lastKnownFileType = image.png; path = "Icon-29.png"; sourceTree = "<group>"; };
		271215CE1CDCF44500C2D87A /* Icon-40.png */ = {isa = PBXFileReference; lastKnownFileType = image.png; path = "Icon-40.png"; sourceTree = "<group>"; };
		271215CF1CDCF44500C2D87A /* Icon-58.png */ = {isa = PBXFileReference; lastKnownFileType = image.png; path = "Icon-58.png"; sourceTree = "<group>"; };
		271215D01CDCF44500C2D87A /* Icon-76.png */ = {isa = PBXFileReference; lastKnownFileType = image.png; path = "Icon-76.png"; sourceTree = "<group>"; };
		271215D11CDCF44500C2D87A /* Icon-80.png */ = {isa = PBXFileReference; lastKnownFileType = image.png; path = "Icon-80.png"; sourceTree = "<group>"; };
		271215D21CDCF44500C2D87A /* Icon-87.png */ = {isa = PBXFileReference; lastKnownFileType = image.png; path = "Icon-87.png"; sourceTree = "<group>"; };
		271215D31CDCF44500C2D87A /* Icon-120.png */ = {isa = PBXFileReference; lastKnownFileType = image.png; path = "Icon-120.png"; sourceTree = "<group>"; };
		271215D41CDCF44500C2D87A /* Icon-152.png */ = {isa = PBXFileReference; lastKnownFileType = image.png; path = "Icon-152.png"; sourceTree = "<group>"; };
		271215D51CDCF44500C2D87A /* Icon-167.png */ = {isa = PBXFileReference; lastKnownFileType = image.png; path = "Icon-167.png"; sourceTree = "<group>"; };
		271215D61CDCF44500C2D87A /* Icon-180.png */ = {isa = PBXFileReference; lastKnownFileType = image.png; path = "Icon-180.png"; sourceTree = "<group>"; };
		276766161D1450A500026A78 /* LocationHandler.swift */ = {isa = PBXFileReference; fileEncoding = 4; lastKnownFileType = sourcecode.swift; path = LocationHandler.swift; sourceTree = "<group>"; };
		2771B3D71CD250E2001F1A46 /* SmellPittsburgh Prototype.app */ = {isa = PBXFileReference; explicitFileType = wrapper.application; includeInIndex = 0; path = "SmellPittsburgh Prototype.app"; sourceTree = BUILT_PRODUCTS_DIR; };
		2771B3DA1CD250E2001F1A46 /* AppDelegate.swift */ = {isa = PBXFileReference; lastKnownFileType = sourcecode.swift; path = AppDelegate.swift; sourceTree = "<group>"; };
		2771B3DC1CD250E2001F1A46 /* FirstViewController.swift */ = {isa = PBXFileReference; lastKnownFileType = sourcecode.swift; path = FirstViewController.swift; sourceTree = "<group>"; };
		2771B3DE1CD250E2001F1A46 /* SecondViewController.swift */ = {isa = PBXFileReference; lastKnownFileType = sourcecode.swift; path = SecondViewController.swift; sourceTree = "<group>"; };
		2771B3E11CD250E2001F1A46 /* Base */ = {isa = PBXFileReference; lastKnownFileType = file.storyboard; name = Base; path = Base.lproj/Main.storyboard; sourceTree = "<group>"; };
		2771B3E31CD250E2001F1A46 /* Assets.xcassets */ = {isa = PBXFileReference; lastKnownFileType = folder.assetcatalog; path = Assets.xcassets; sourceTree = "<group>"; };
		2771B3E61CD250E2001F1A46 /* Base */ = {isa = PBXFileReference; lastKnownFileType = file.storyboard; name = Base; path = Base.lproj/LaunchScreen.storyboard; sourceTree = "<group>"; };
		2771B3E81CD250E2001F1A46 /* Info.plist */ = {isa = PBXFileReference; lastKnownFileType = text.plist.xml; path = Info.plist; sourceTree = "<group>"; };
		2771B3ED1CD250E2001F1A46 /* SmellPittsburgh PrototypeTests.xctest */ = {isa = PBXFileReference; explicitFileType = wrapper.cfbundle; includeInIndex = 0; path = "SmellPittsburgh PrototypeTests.xctest"; sourceTree = BUILT_PRODUCTS_DIR; };
		2771B3F11CD250E2001F1A46 /* SmellPittsburgh_PrototypeTests.swift */ = {isa = PBXFileReference; lastKnownFileType = sourcecode.swift; path = SmellPittsburgh_PrototypeTests.swift; sourceTree = "<group>"; };
		2771B3F31CD250E2001F1A46 /* Info.plist */ = {isa = PBXFileReference; lastKnownFileType = text.plist.xml; path = Info.plist; sourceTree = "<group>"; };
		2771B3F81CD250E2001F1A46 /* SmellPittsburgh PrototypeUITests.xctest */ = {isa = PBXFileReference; explicitFileType = wrapper.cfbundle; includeInIndex = 0; path = "SmellPittsburgh PrototypeUITests.xctest"; sourceTree = BUILT_PRODUCTS_DIR; };
		2771B3FC1CD250E2001F1A46 /* SmellPittsburgh_PrototypeUITests.swift */ = {isa = PBXFileReference; lastKnownFileType = sourcecode.swift; path = SmellPittsburgh_PrototypeUITests.swift; sourceTree = "<group>"; };
		2771B3FE1CD250E2001F1A46 /* Info.plist */ = {isa = PBXFileReference; lastKnownFileType = text.plist.xml; path = Info.plist; sourceTree = "<group>"; };
		2771B40E1CD2BEDB001F1A46 /* Location.swift */ = {isa = PBXFileReference; fileEncoding = 4; lastKnownFileType = sourcecode.swift; path = Location.swift; sourceTree = "<group>"; };
		2771B4101CD2BF8D001F1A46 /* GlobalHandler.swift */ = {isa = PBXFileReference; fileEncoding = 4; lastKnownFileType = sourcecode.swift; path = GlobalHandler.swift; sourceTree = "<group>"; };
		2771B4151CD2D87B001F1A46 /* CoreLocation.framework */ = {isa = PBXFileReference; lastKnownFileType = wrapper.framework; name = CoreLocation.framework; path = System/Library/Frameworks/CoreLocation.framework; sourceTree = SDKROOT; };
		2771B4171CD2DDAD001F1A46 /* HttpRequestHandler.swift */ = {isa = PBXFileReference; fileEncoding = 4; lastKnownFileType = sourcecode.swift; path = HttpRequestHandler.swift; sourceTree = "<group>"; };
		2771B4191CD2DEB3001F1A46 /* HttpHelper.swift */ = {isa = PBXFileReference; fileEncoding = 4; lastKnownFileType = sourcecode.swift; path = HttpHelper.swift; sourceTree = "<group>"; };
		2771B41B1CD2DECF001F1A46 /* Constants.swift */ = {isa = PBXFileReference; fileEncoding = 4; lastKnownFileType = sourcecode.swift; path = Constants.swift; sourceTree = "<group>"; };
		27876B9C1CFF6DA5009A6045 /* SwiftSSL.xcodeproj */ = {isa = PBXFileReference; lastKnownFileType = "wrapper.pb-project"; name = SwiftSSL.xcodeproj; path = SwiftSSL/SwiftSSL.xcodeproj; sourceTree = "<group>"; };
		27F6CF651CFF53900027981C /* SettingsHandler.swift */ = {isa = PBXFileReference; fileEncoding = 4; lastKnownFileType = sourcecode.swift; path = SettingsHandler.swift; sourceTree = "<group>"; };
/* End PBXFileReference section */

/* Begin PBXFrameworksBuildPhase section */
		2771B3D41CD250E2001F1A46 /* Frameworks */ = {
			isa = PBXFrameworksBuildPhase;
			buildActionMask = 2147483647;
			files = (
				2771B4161CD2D87B001F1A46 /* CoreLocation.framework in Frameworks */,
				27687F891D06FE9B00630DB5 /* SwiftSSL.framework in Frameworks */,
			);
			runOnlyForDeploymentPostprocessing = 0;
		};
		2771B3EA1CD250E2001F1A46 /* Frameworks */ = {
			isa = PBXFrameworksBuildPhase;
			buildActionMask = 2147483647;
			files = (
			);
			runOnlyForDeploymentPostprocessing = 0;
		};
		2771B3F51CD250E2001F1A46 /* Frameworks */ = {
			isa = PBXFrameworksBuildPhase;
			buildActionMask = 2147483647;
			files = (
			);
			runOnlyForDeploymentPostprocessing = 0;
		};
/* End PBXFrameworksBuildPhase section */

/* Begin PBXGroup section */
		271215CC1CDCF41900C2D87A /* Assets */ = {
			isa = PBXGroup;
			children = (
				271215CD1CDCF44500C2D87A /* Icon-29.png */,
				271215CE1CDCF44500C2D87A /* Icon-40.png */,
				271215CF1CDCF44500C2D87A /* Icon-58.png */,
				271215D01CDCF44500C2D87A /* Icon-76.png */,
				271215D11CDCF44500C2D87A /* Icon-80.png */,
				271215D21CDCF44500C2D87A /* Icon-87.png */,
				271215D31CDCF44500C2D87A /* Icon-120.png */,
				271215D41CDCF44500C2D87A /* Icon-152.png */,
				271215D51CDCF44500C2D87A /* Icon-167.png */,
				271215D61CDCF44500C2D87A /* Icon-180.png */,
			);
			name = Assets;
			sourceTree = "<group>";
		};
		2771B3CE1CD250E2001F1A46 = {
			isa = PBXGroup;
			children = (
				27876B9B1CFF6D64009A6045 /* External */,
				271215CC1CDCF41900C2D87A /* Assets */,
				2771B3D91CD250E2001F1A46 /* SmellPittsburgh Prototype */,
				2771B3F01CD250E2001F1A46 /* SmellPittsburgh PrototypeTests */,
				2771B3FB1CD250E2001F1A46 /* SmellPittsburgh PrototypeUITests */,
				2771B3D81CD250E2001F1A46 /* Products */,
			);
			sourceTree = "<group>";
		};
		2771B3D81CD250E2001F1A46 /* Products */ = {
			isa = PBXGroup;
			children = (
				2771B3D71CD250E2001F1A46 /* SmellPittsburgh Prototype.app */,
				2771B3ED1CD250E2001F1A46 /* SmellPittsburgh PrototypeTests.xctest */,
				2771B3F81CD250E2001F1A46 /* SmellPittsburgh PrototypeUITests.xctest */,
			);
			name = Products;
			sourceTree = "<group>";
		};
		2771B3D91CD250E2001F1A46 /* SmellPittsburgh Prototype */ = {
			isa = PBXGroup;
			children = (
				2771B4131CD2BFCA001F1A46 /* application */,
				2771B4121CD2BFB7001F1A46 /* viewcontrollers */,
				2771B3E01CD250E2001F1A46 /* Main.storyboard */,
				2771B3E31CD250E2001F1A46 /* Assets.xcassets */,
				2771B3E51CD250E2001F1A46 /* LaunchScreen.storyboard */,
				2771B3E81CD250E2001F1A46 /* Info.plist */,
			);
			path = "SmellPittsburgh Prototype";
			sourceTree = "<group>";
		};
		2771B3F01CD250E2001F1A46 /* SmellPittsburgh PrototypeTests */ = {
			isa = PBXGroup;
			children = (
				2771B3F11CD250E2001F1A46 /* SmellPittsburgh_PrototypeTests.swift */,
				2771B3F31CD250E2001F1A46 /* Info.plist */,
			);
			path = "SmellPittsburgh PrototypeTests";
			sourceTree = "<group>";
		};
		2771B3FB1CD250E2001F1A46 /* SmellPittsburgh PrototypeUITests */ = {
			isa = PBXGroup;
			children = (
				2771B3FC1CD250E2001F1A46 /* SmellPittsburgh_PrototypeUITests.swift */,
				2771B3FE1CD250E2001F1A46 /* Info.plist */,
			);
			path = "SmellPittsburgh PrototypeUITests";
			sourceTree = "<group>";
		};
		2771B4121CD2BFB7001F1A46 /* viewcontrollers */ = {
			isa = PBXGroup;
			children = (
				2771B3DC1CD250E2001F1A46 /* FirstViewController.swift */,
				2771B3DE1CD250E2001F1A46 /* SecondViewController.swift */,
			);
			name = viewcontrollers;
			sourceTree = "<group>";
		};
		2771B4131CD2BFCA001F1A46 /* application */ = {
			isa = PBXGroup;
			children = (
				2771B4141CD2BFE2001F1A46 /* locationservices */,
				2771B4101CD2BF8D001F1A46 /* GlobalHandler.swift */,
				2771B3DA1CD250E2001F1A46 /* AppDelegate.swift */,
				2771B4171CD2DDAD001F1A46 /* HttpRequestHandler.swift */,
				2771B4191CD2DEB3001F1A46 /* HttpHelper.swift */,
				2771B41B1CD2DECF001F1A46 /* Constants.swift */,
				27F6CF651CFF53900027981C /* SettingsHandler.swift */,
			);
			name = application;
			sourceTree = "<group>";
		};
		2771B4141CD2BFE2001F1A46 /* locationservices */ = {
			isa = PBXGroup;
			children = (
				2771B40E1CD2BEDB001F1A46 /* Location.swift */,
				276766161D1450A500026A78 /* LocationHandler.swift */,
			);
			name = locationservices;
			sourceTree = "<group>";
		};
		27876B9B1CFF6D64009A6045 /* External */ = {
			isa = PBXGroup;
			children = (
				27876B9C1CFF6DA5009A6045 /* SwiftSSL.xcodeproj */,
				2771B4151CD2D87B001F1A46 /* CoreLocation.framework */,
			);
			name = External;
			sourceTree = "<group>";
		};
		27876B9D1CFF6DA5009A6045 /* Products */ = {
			isa = PBXGroup;
			children = (
				27876BA21CFF6DA5009A6045 /* SwiftSSL.framework */,
				27876BA41CFF6DA5009A6045 /* SwiftSSLTests.xctest */,
			);
			name = Products;
			sourceTree = "<group>";
		};
/* End PBXGroup section */

/* Begin PBXNativeTarget section */
		2771B3D61CD250E2001F1A46 /* SmellPittsburgh Prototype */ = {
			isa = PBXNativeTarget;
			buildConfigurationList = 2771B4011CD250E2001F1A46 /* Build configuration list for PBXNativeTarget "SmellPittsburgh Prototype" */;
			buildPhases = (
				2771B3D31CD250E2001F1A46 /* Sources */,
				2771B3D41CD250E2001F1A46 /* Frameworks */,
				2771B3D51CD250E2001F1A46 /* Resources */,
				27687F8D1D06FE9B00630DB5 /* Embed Frameworks */,
			);
			buildRules = (
			);
			dependencies = (
				27687F8C1D06FE9B00630DB5 /* PBXTargetDependency */,
			);
			name = "SmellPittsburgh Prototype";
			productName = "SmellPittsburgh Prototype";
			productReference = 2771B3D71CD250E2001F1A46 /* SmellPittsburgh Prototype.app */;
			productType = "com.apple.product-type.application";
		};
		2771B3EC1CD250E2001F1A46 /* SmellPittsburgh PrototypeTests */ = {
			isa = PBXNativeTarget;
			buildConfigurationList = 2771B4041CD250E2001F1A46 /* Build configuration list for PBXNativeTarget "SmellPittsburgh PrototypeTests" */;
			buildPhases = (
				2771B3E91CD250E2001F1A46 /* Sources */,
				2771B3EA1CD250E2001F1A46 /* Frameworks */,
				2771B3EB1CD250E2001F1A46 /* Resources */,
			);
			buildRules = (
			);
			dependencies = (
				2771B3EF1CD250E2001F1A46 /* PBXTargetDependency */,
			);
			name = "SmellPittsburgh PrototypeTests";
			productName = "SmellPittsburgh PrototypeTests";
			productReference = 2771B3ED1CD250E2001F1A46 /* SmellPittsburgh PrototypeTests.xctest */;
			productType = "com.apple.product-type.bundle.unit-test";
		};
		2771B3F71CD250E2001F1A46 /* SmellPittsburgh PrototypeUITests */ = {
			isa = PBXNativeTarget;
			buildConfigurationList = 2771B4071CD250E2001F1A46 /* Build configuration list for PBXNativeTarget "SmellPittsburgh PrototypeUITests" */;
			buildPhases = (
				2771B3F41CD250E2001F1A46 /* Sources */,
				2771B3F51CD250E2001F1A46 /* Frameworks */,
				2771B3F61CD250E2001F1A46 /* Resources */,
			);
			buildRules = (
			);
			dependencies = (
				2771B3FA1CD250E2001F1A46 /* PBXTargetDependency */,
			);
			name = "SmellPittsburgh PrototypeUITests";
			productName = "SmellPittsburgh PrototypeUITests";
			productReference = 2771B3F81CD250E2001F1A46 /* SmellPittsburgh PrototypeUITests.xctest */;
			productType = "com.apple.product-type.bundle.ui-testing";
		};
/* End PBXNativeTarget section */

/* Begin PBXProject section */
		2771B3CF1CD250E2001F1A46 /* Project object */ = {
			isa = PBXProject;
			attributes = {
				LastSwiftUpdateCheck = 0730;
				LastUpgradeCheck = 0730;
				ORGANIZATIONNAME = "Mike Tasota";
				TargetAttributes = {
					2771B3D61CD250E2001F1A46 = {
						CreatedOnToolsVersion = 7.3;
						DevelopmentTeam = B7J3N7CKZ7;
					};
					2771B3EC1CD250E2001F1A46 = {
						CreatedOnToolsVersion = 7.3;
						TestTargetID = 2771B3D61CD250E2001F1A46;
					};
					2771B3F71CD250E2001F1A46 = {
						CreatedOnToolsVersion = 7.3;
						TestTargetID = 2771B3D61CD250E2001F1A46;
					};
				};
			};
			buildConfigurationList = 2771B3D21CD250E2001F1A46 /* Build configuration list for PBXProject "SmellPittsburgh Prototype" */;
			compatibilityVersion = "Xcode 3.2";
			developmentRegion = English;
			hasScannedForEncodings = 0;
			knownRegions = (
				en,
				Base,
			);
			mainGroup = 2771B3CE1CD250E2001F1A46;
			productRefGroup = 2771B3D81CD250E2001F1A46 /* Products */;
			projectDirPath = "";
			projectReferences = (
				{
					ProductGroup = 27876B9D1CFF6DA5009A6045 /* Products */;
					ProjectRef = 27876B9C1CFF6DA5009A6045 /* SwiftSSL.xcodeproj */;
				},
			);
			projectRoot = "";
			targets = (
				2771B3D61CD250E2001F1A46 /* SmellPittsburgh Prototype */,
				2771B3EC1CD250E2001F1A46 /* SmellPittsburgh PrototypeTests */,
				2771B3F71CD250E2001F1A46 /* SmellPittsburgh PrototypeUITests */,
			);
		};
/* End PBXProject section */

/* Begin PBXReferenceProxy section */
		27876BA21CFF6DA5009A6045 /* SwiftSSL.framework */ = {
			isa = PBXReferenceProxy;
			fileType = wrapper.framework;
			path = SwiftSSL.framework;
			remoteRef = 27876BA11CFF6DA5009A6045 /* PBXContainerItemProxy */;
			sourceTree = BUILT_PRODUCTS_DIR;
		};
		27876BA41CFF6DA5009A6045 /* SwiftSSLTests.xctest */ = {
			isa = PBXReferenceProxy;
			fileType = wrapper.cfbundle;
			path = SwiftSSLTests.xctest;
			remoteRef = 27876BA31CFF6DA5009A6045 /* PBXContainerItemProxy */;
			sourceTree = BUILT_PRODUCTS_DIR;
		};
/* End PBXReferenceProxy section */

/* Begin PBXResourcesBuildPhase section */
		2771B3D51CD250E2001F1A46 /* Resources */ = {
			isa = PBXResourcesBuildPhase;
			buildActionMask = 2147483647;
			files = (
				2771B3E71CD250E2001F1A46 /* LaunchScreen.storyboard in Resources */,
				2771B3E41CD250E2001F1A46 /* Assets.xcassets in Resources */,
				2771B3E21CD250E2001F1A46 /* Main.storyboard in Resources */,
				271215E01CDCF44500C2D87A /* Icon-180.png in Resources */,
				271215DA1CDCF44500C2D87A /* Icon-76.png in Resources */,
				271215DB1CDCF44500C2D87A /* Icon-80.png in Resources */,
				271215D71CDCF44500C2D87A /* Icon-29.png in Resources */,
				271215D81CDCF44500C2D87A /* Icon-40.png in Resources */,
				271215DF1CDCF44500C2D87A /* Icon-167.png in Resources */,
				271215D91CDCF44500C2D87A /* Icon-58.png in Resources */,
				271215DE1CDCF44500C2D87A /* Icon-152.png in Resources */,
				271215DD1CDCF44500C2D87A /* Icon-120.png in Resources */,
				271215DC1CDCF44500C2D87A /* Icon-87.png in Resources */,
			);
			runOnlyForDeploymentPostprocessing = 0;
		};
		2771B3EB1CD250E2001F1A46 /* Resources */ = {
			isa = PBXResourcesBuildPhase;
			buildActionMask = 2147483647;
			files = (
			);
			runOnlyForDeploymentPostprocessing = 0;
		};
		2771B3F61CD250E2001F1A46 /* Resources */ = {
			isa = PBXResourcesBuildPhase;
			buildActionMask = 2147483647;
			files = (
			);
			runOnlyForDeploymentPostprocessing = 0;
		};
/* End PBXResourcesBuildPhase section */

/* Begin PBXSourcesBuildPhase section */
		2771B3D31CD250E2001F1A46 /* Sources */ = {
			isa = PBXSourcesBuildPhase;
			buildActionMask = 2147483647;
			files = (
				2771B3DF1CD250E2001F1A46 /* SecondViewController.swift in Sources */,
				2771B3DB1CD250E2001F1A46 /* AppDelegate.swift in Sources */,
				2771B41A1CD2DEB3001F1A46 /* HttpHelper.swift in Sources */,
				2771B4181CD2DDAD001F1A46 /* HttpRequestHandler.swift in Sources */,
				2771B4111CD2BF8D001F1A46 /* GlobalHandler.swift in Sources */,
				276766171D1450A500026A78 /* LocationHandler.swift in Sources */,
				2771B41C1CD2DECF001F1A46 /* Constants.swift in Sources */,
				2771B40F1CD2BEDB001F1A46 /* Location.swift in Sources */,
				2771B3DD1CD250E2001F1A46 /* FirstViewController.swift in Sources */,
				27F6CF661CFF53900027981C /* SettingsHandler.swift in Sources */,
			);
			runOnlyForDeploymentPostprocessing = 0;
		};
		2771B3E91CD250E2001F1A46 /* Sources */ = {
			isa = PBXSourcesBuildPhase;
			buildActionMask = 2147483647;
			files = (
				2771B3F21CD250E2001F1A46 /* SmellPittsburgh_PrototypeTests.swift in Sources */,
			);
			runOnlyForDeploymentPostprocessing = 0;
		};
		2771B3F41CD250E2001F1A46 /* Sources */ = {
			isa = PBXSourcesBuildPhase;
			buildActionMask = 2147483647;
			files = (
				2771B3FD1CD250E2001F1A46 /* SmellPittsburgh_PrototypeUITests.swift in Sources */,
			);
			runOnlyForDeploymentPostprocessing = 0;
		};
/* End PBXSourcesBuildPhase section */

/* Begin PBXTargetDependency section */
		27687F8C1D06FE9B00630DB5 /* PBXTargetDependency */ = {
			isa = PBXTargetDependency;
			name = SwiftSSL;
			targetProxy = 27687F8B1D06FE9B00630DB5 /* PBXContainerItemProxy */;
		};
		2771B3EF1CD250E2001F1A46 /* PBXTargetDependency */ = {
			isa = PBXTargetDependency;
			target = 2771B3D61CD250E2001F1A46 /* SmellPittsburgh Prototype */;
			targetProxy = 2771B3EE1CD250E2001F1A46 /* PBXContainerItemProxy */;
		};
		2771B3FA1CD250E2001F1A46 /* PBXTargetDependency */ = {
			isa = PBXTargetDependency;
			target = 2771B3D61CD250E2001F1A46 /* SmellPittsburgh Prototype */;
			targetProxy = 2771B3F91CD250E2001F1A46 /* PBXContainerItemProxy */;
		};
/* End PBXTargetDependency section */

/* Begin PBXVariantGroup section */
		2771B3E01CD250E2001F1A46 /* Main.storyboard */ = {
			isa = PBXVariantGroup;
			children = (
				2771B3E11CD250E2001F1A46 /* Base */,
			);
			name = Main.storyboard;
			sourceTree = "<group>";
		};
		2771B3E51CD250E2001F1A46 /* LaunchScreen.storyboard */ = {
			isa = PBXVariantGroup;
			children = (
				2771B3E61CD250E2001F1A46 /* Base */,
			);
			name = LaunchScreen.storyboard;
			sourceTree = "<group>";
		};
/* End PBXVariantGroup section */

/* Begin XCBuildConfiguration section */
		2771B3FF1CD250E2001F1A46 /* Debug */ = {
			isa = XCBuildConfiguration;
			buildSettings = {
				ALWAYS_SEARCH_USER_PATHS = NO;
				CLANG_ANALYZER_NONNULL = YES;
				CLANG_CXX_LANGUAGE_STANDARD = "gnu++0x";
				CLANG_CXX_LIBRARY = "libc++";
				CLANG_ENABLE_MODULES = YES;
				CLANG_ENABLE_OBJC_ARC = YES;
				CLANG_WARN_BOOL_CONVERSION = YES;
				CLANG_WARN_CONSTANT_CONVERSION = YES;
				CLANG_WARN_DIRECT_OBJC_ISA_USAGE = YES_ERROR;
				CLANG_WARN_EMPTY_BODY = YES;
				CLANG_WARN_ENUM_CONVERSION = YES;
				CLANG_WARN_INT_CONVERSION = YES;
				CLANG_WARN_OBJC_ROOT_CLASS = YES_ERROR;
				CLANG_WARN_UNREACHABLE_CODE = YES;
				CLANG_WARN__DUPLICATE_METHOD_MATCH = YES;
				"CODE_SIGN_IDENTITY[sdk=iphoneos*]" = "iPhone Developer";
				COPY_PHASE_STRIP = NO;
				DEBUG_INFORMATION_FORMAT = dwarf;
				ENABLE_STRICT_OBJC_MSGSEND = YES;
				ENABLE_TESTABILITY = YES;
				GCC_C_LANGUAGE_STANDARD = gnu99;
				GCC_DYNAMIC_NO_PIC = NO;
				GCC_NO_COMMON_BLOCKS = YES;
				GCC_OPTIMIZATION_LEVEL = 0;
				GCC_PREPROCESSOR_DEFINITIONS = (
					"DEBUG=1",
					"$(inherited)",
				);
				GCC_WARN_64_TO_32_BIT_CONVERSION = YES;
				GCC_WARN_ABOUT_RETURN_TYPE = YES_ERROR;
				GCC_WARN_UNDECLARED_SELECTOR = YES;
				GCC_WARN_UNINITIALIZED_AUTOS = YES_AGGRESSIVE;
				GCC_WARN_UNUSED_FUNCTION = YES;
				GCC_WARN_UNUSED_VARIABLE = YES;
				IPHONEOS_DEPLOYMENT_TARGET = 9.3;
				MTL_ENABLE_DEBUG_INFO = YES;
				ONLY_ACTIVE_ARCH = YES;
				SDKROOT = iphoneos;
				SWIFT_OPTIMIZATION_LEVEL = "-Onone";
				TARGETED_DEVICE_FAMILY = "1,2";
			};
			name = Debug;
		};
		2771B4001CD250E2001F1A46 /* Release */ = {
			isa = XCBuildConfiguration;
			buildSettings = {
				ALWAYS_SEARCH_USER_PATHS = NO;
				CLANG_ANALYZER_NONNULL = YES;
				CLANG_CXX_LANGUAGE_STANDARD = "gnu++0x";
				CLANG_CXX_LIBRARY = "libc++";
				CLANG_ENABLE_MODULES = YES;
				CLANG_ENABLE_OBJC_ARC = YES;
				CLANG_WARN_BOOL_CONVERSION = YES;
				CLANG_WARN_CONSTANT_CONVERSION = YES;
				CLANG_WARN_DIRECT_OBJC_ISA_USAGE = YES_ERROR;
				CLANG_WARN_EMPTY_BODY = YES;
				CLANG_WARN_ENUM_CONVERSION = YES;
				CLANG_WARN_INT_CONVERSION = YES;
				CLANG_WARN_OBJC_ROOT_CLASS = YES_ERROR;
				CLANG_WARN_UNREACHABLE_CODE = YES;
				CLANG_WARN__DUPLICATE_METHOD_MATCH = YES;
				"CODE_SIGN_IDENTITY[sdk=iphoneos*]" = "iPhone Developer";
				COPY_PHASE_STRIP = NO;
				DEBUG_INFORMATION_FORMAT = "dwarf-with-dsym";
				ENABLE_NS_ASSERTIONS = NO;
				ENABLE_STRICT_OBJC_MSGSEND = YES;
				GCC_C_LANGUAGE_STANDARD = gnu99;
				GCC_NO_COMMON_BLOCKS = YES;
				GCC_WARN_64_TO_32_BIT_CONVERSION = YES;
				GCC_WARN_ABOUT_RETURN_TYPE = YES_ERROR;
				GCC_WARN_UNDECLARED_SELECTOR = YES;
				GCC_WARN_UNINITIALIZED_AUTOS = YES_AGGRESSIVE;
				GCC_WARN_UNUSED_FUNCTION = YES;
				GCC_WARN_UNUSED_VARIABLE = YES;
				IPHONEOS_DEPLOYMENT_TARGET = 9.3;
				MTL_ENABLE_DEBUG_INFO = NO;
				SDKROOT = iphoneos;
				TARGETED_DEVICE_FAMILY = "1,2";
				VALIDATE_PRODUCT = YES;
			};
			name = Release;
		};
		2771B4021CD250E2001F1A46 /* Debug */ = {
			isa = XCBuildConfiguration;
			buildSettings = {
				ASSETCATALOG_COMPILER_APPICON_NAME = AppIcon;
				CODE_SIGN_IDENTITY = "iPhone Developer";
				"CODE_SIGN_IDENTITY[sdk=iphoneos*]" = "iPhone Developer";
				EMBEDDED_CONTENT_CONTAINS_SWIFT = YES;
				INFOPLIST_FILE = "SmellPittsburgh Prototype/Info.plist";
				IPHONEOS_DEPLOYMENT_TARGET = 8.4;
				LD_DYLIB_INSTALL_NAME = "";
				LD_RUNPATH_SEARCH_PATHS = "$(inherited) @executable_path/Frameworks";
				PRODUCT_BUNDLE_IDENTIFIER = org.cmucreatelab.smellpittsburgh;
				PRODUCT_NAME = "$(TARGET_NAME)";
				PROVISIONING_PROFILE = "";
				SWIFT_INCLUDE_PATHS = "";
			};
			name = Debug;
		};
		2771B4031CD250E2001F1A46 /* Release */ = {
			isa = XCBuildConfiguration;
			buildSettings = {
				ASSETCATALOG_COMPILER_APPICON_NAME = AppIcon;
				CODE_SIGN_IDENTITY = "iPhone Developer";
				"CODE_SIGN_IDENTITY[sdk=iphoneos*]" = "iPhone Developer";
				EMBEDDED_CONTENT_CONTAINS_SWIFT = YES;
				INFOPLIST_FILE = "SmellPittsburgh Prototype/Info.plist";
				IPHONEOS_DEPLOYMENT_TARGET = 8.4;
				LD_DYLIB_INSTALL_NAME = "";
				LD_RUNPATH_SEARCH_PATHS = "$(inherited) @executable_path/Frameworks";
				PRODUCT_BUNDLE_IDENTIFIER = org.cmucreatelab.smellpittsburgh;
				PRODUCT_NAME = "$(TARGET_NAME)";
				PROVISIONING_PROFILE = "";
				SWIFT_INCLUDE_PATHS = "";
			};
			name = Release;
		};
		2771B4051CD250E2001F1A46 /* Debug */ = {
			isa = XCBuildConfiguration;
			buildSettings = {
				BUNDLE_LOADER = "$(TEST_HOST)";
				INFOPLIST_FILE = "SmellPittsburgh PrototypeTests/Info.plist";
				LD_RUNPATH_SEARCH_PATHS = "$(inherited) @executable_path/Frameworks @loader_path/Frameworks";
				PRODUCT_BUNDLE_IDENTIFIER = "cmucreatelab.org.SmellPittsburgh-PrototypeTests";
				PRODUCT_NAME = "$(TARGET_NAME)";
				TEST_HOST = "$(BUILT_PRODUCTS_DIR)/SmellPittsburgh Prototype.app/SmellPittsburgh Prototype";
			};
			name = Debug;
		};
		2771B4061CD250E2001F1A46 /* Release */ = {
			isa = XCBuildConfiguration;
			buildSettings = {
				BUNDLE_LOADER = "$(TEST_HOST)";
				INFOPLIST_FILE = "SmellPittsburgh PrototypeTests/Info.plist";
				LD_RUNPATH_SEARCH_PATHS = "$(inherited) @executable_path/Frameworks @loader_path/Frameworks";
				PRODUCT_BUNDLE_IDENTIFIER = "cmucreatelab.org.SmellPittsburgh-PrototypeTests";
				PRODUCT_NAME = "$(TARGET_NAME)";
				TEST_HOST = "$(BUILT_PRODUCTS_DIR)/SmellPittsburgh Prototype.app/SmellPittsburgh Prototype";
			};
			name = Release;
		};
		2771B4081CD250E2001F1A46 /* Debug */ = {
			isa = XCBuildConfiguration;
			buildSettings = {
				INFOPLIST_FILE = "SmellPittsburgh PrototypeUITests/Info.plist";
				LD_RUNPATH_SEARCH_PATHS = "$(inherited) @executable_path/Frameworks @loader_path/Frameworks";
				PRODUCT_BUNDLE_IDENTIFIER = "cmucreatelab.org.SmellPittsburgh-PrototypeUITests";
				PRODUCT_NAME = "$(TARGET_NAME)";
				TEST_TARGET_NAME = "SmellPittsburgh Prototype";
			};
			name = Debug;
		};
		2771B4091CD250E2001F1A46 /* Release */ = {
			isa = XCBuildConfiguration;
			buildSettings = {
				INFOPLIST_FILE = "SmellPittsburgh PrototypeUITests/Info.plist";
				LD_RUNPATH_SEARCH_PATHS = "$(inherited) @executable_path/Frameworks @loader_path/Frameworks";
				PRODUCT_BUNDLE_IDENTIFIER = "cmucreatelab.org.SmellPittsburgh-PrototypeUITests";
				PRODUCT_NAME = "$(TARGET_NAME)";
				TEST_TARGET_NAME = "SmellPittsburgh Prototype";
			};
			name = Release;
		};
/* End XCBuildConfiguration section */

/* Begin XCConfigurationList section */
		2771B3D21CD250E2001F1A46 /* Build configuration list for PBXProject "SmellPittsburgh Prototype" */ = {
			isa = XCConfigurationList;
			buildConfigurations = (
				2771B3FF1CD250E2001F1A46 /* Debug */,
				2771B4001CD250E2001F1A46 /* Release */,
			);
			defaultConfigurationIsVisible = 0;
			defaultConfigurationName = Release;
		};
		2771B4011CD250E2001F1A46 /* Build configuration list for PBXNativeTarget "SmellPittsburgh Prototype" */ = {
			isa = XCConfigurationList;
			buildConfigurations = (
				2771B4021CD250E2001F1A46 /* Debug */,
				2771B4031CD250E2001F1A46 /* Release */,
			);
			defaultConfigurationIsVisible = 0;
			defaultConfigurationName = Release;
		};
		2771B4041CD250E2001F1A46 /* Build configuration list for PBXNativeTarget "SmellPittsburgh PrototypeTests" */ = {
			isa = XCConfigurationList;
			buildConfigurations = (
				2771B4051CD250E2001F1A46 /* Debug */,
				2771B4061CD250E2001F1A46 /* Release */,
			);
			defaultConfigurationIsVisible = 0;
			defaultConfigurationName = Release;
		};
		2771B4071CD250E2001F1A46 /* Build configuration list for PBXNativeTarget "SmellPittsburgh PrototypeUITests" */ = {
			isa = XCConfigurationList;
			buildConfigurations = (
				2771B4081CD250E2001F1A46 /* Debug */,
				2771B4091CD250E2001F1A46 /* Release */,
			);
			defaultConfigurationIsVisible = 0;
			defaultConfigurationName = Release;
		};
/* End XCConfigurationList section */
	};
	rootObject = 2771B3CF1CD250E2001F1A46 /* Project object */;
}
